
Microsoft Visual Studio Solution File, Format Version 12.00
# Visual Studio Version 16
VisualStudioVersion = 16.0.30804.86
MinimumVisualStudioVersion = 10.0.40219.1
Project("{9A19103F-16F7-4668-BE54-9A1E7A4F7556}") = "WooliesX.TechChallenge", "WooliesX.TechChallenge\WooliesX.TechChallenge.csproj", "{59E0A4F2-01C6-4DE2-9CBE-561106E04619}"
EndProject
Project("{2150E333-8FDC-42A3-9474-1A3956D46DE8}") = "BusinessLogic", "BusinessLogic", "{19FC1638-37E5-4789-94CA-DD516A57F239}"
EndProject
Project("{9A19103F-16F7-4668-BE54-9A1E7A4F7556}") = "WooliesX.TechChallenge.BusinessLogic", "WooliesX.TechChallenge.BusinessLogic\WooliesX.TechChallenge.BusinessLogic.csproj", "{9151DA64-9B4E-4E02-A445-FAF9DF18D96B}"
EndProject
Project("{2150E333-8FDC-42A3-9474-1A3956D46DE8}") = "Entities", "Entities", "{644BD97E-4687-4671-AE69-CED7F4B2C384}"
EndProject
Project("{2150E333-8FDC-42A3-9474-1A3956D46DE8}") = "Services", "Services", "{085C98E8-0BAF-4585-898B-137A36064519}"
EndProject
Project("{9A19103F-16F7-4668-BE54-9A1E7A4F7556}") = "WooliesX.TechChallenge.Entities", "WooliesX.TechChallenge.Entities\WooliesX.TechChallenge.Entities.csproj", "{C47AD62B-B26B-4ED7-9758-8E0BB2E52C74}"
EndProject
Project("{9A19103F-16F7-4668-BE54-9A1E7A4F7556}") = "WooliesX.TechChallenge.Services", "WooliesX.TechChallenge.Services\WooliesX.TechChallenge.Services.csproj", "{A8812AAD-6120-4DB8-8F16-DF111DE76AF8}"
EndProject
Project("{FAE04EC0-301F-11D3-BF4B-00C04F79EFBC}") = "WooliesX.TechChallenge.BusinessLogic.Tests", "WooliesX.TechChallenge.BusinessLogic.Tests\WooliesX.TechChallenge.BusinessLogic.Tests.csproj", "{06A079F5-23FE-4796-9244-35CABB5CE042}"
EndProject
Global
	GlobalSection(SolutionConfigurationPlatforms) = preSolution
		Debug|Any CPU = Debug|Any CPU
		Release|Any CPU = Release|Any CPU
	EndGlobalSection
	GlobalSection(ProjectConfigurationPlatforms) = postSolution
		{59E0A4F2-01C6-4DE2-9CBE-561106E04619}.Debug|Any CPU.ActiveCfg = Debug|Any CPU
		{59E0A4F2-01C6-4DE2-9CBE-561106E04619}.Debug|Any CPU.Build.0 = Debug|Any CPU
		{59E0A4F2-01C6-4DE2-9CBE-561106E04619}.Release|Any CPU.ActiveCfg = Release|Any CPU
		{59E0A4F2-01C6-4DE2-9CBE-561106E04619}.Release|Any CPU.Build.0 = Release|Any CPU
		{9151DA64-9B4E-4E02-A445-FAF9DF18D96B}.Debug|Any CPU.ActiveCfg = Debug|Any CPU
		{9151DA64-9B4E-4E02-A445-FAF9DF18D96B}.Debug|Any CPU.Build.0 = Debug|Any CPU
		{9151DA64-9B4E-4E02-A445-FAF9DF18D96B}.Release|Any CPU.ActiveCfg = Release|Any CPU
		{9151DA64-9B4E-4E02-A445-FAF9DF18D96B}.Release|Any CPU.Build.0 = Release|Any CPU
		{C47AD62B-B26B-4ED7-9758-8E0BB2E52C74}.Debug|Any CPU.ActiveCfg = Debug|Any CPU
		{C47AD62B-B26B-4ED7-9758-8E0BB2E52C74}.Debug|Any CPU.Build.0 = Debug|Any CPU
		{C47AD62B-B26B-4ED7-9758-8E0BB2E52C74}.Release|Any CPU.ActiveCfg = Release|Any CPU
		{C47AD62B-B26B-4ED7-9758-8E0BB2E52C74}.Release|Any CPU.Build.0 = Release|Any CPU
		{A8812AAD-6120-4DB8-8F16-DF111DE76AF8}.Debug|Any CPU.ActiveCfg = Debug|Any CPU
		{A8812AAD-6120-4DB8-8F16-DF111DE76AF8}.Debug|Any CPU.Build.0 = Debug|Any CPU
		{A8812AAD-6120-4DB8-8F16-DF111DE76AF8}.Release|Any CPU.ActiveCfg = Release|Any CPU
		{A8812AAD-6120-4DB8-8F16-DF111DE76AF8}.Release|Any CPU.Build.0 = Release|Any CPU
		{06A079F5-23FE-4796-9244-35CABB5CE042}.Debug|Any CPU.ActiveCfg = Debug|Any CPU
		{06A079F5-23FE-4796-9244-35CABB5CE042}.Debug|Any CPU.Build.0 = Debug|Any CPU
		{06A079F5-23FE-4796-9244-35CABB5CE042}.Release|Any CPU.ActiveCfg = Release|Any CPU
		{06A079F5-23FE-4796-9244-35CABB5CE042}.Release|Any CPU.Build.0 = Release|Any CPU
	EndGlobalSection
	GlobalSection(SolutionProperties) = preSolution
		HideSolutionNode = FALSE
	EndGlobalSection
	GlobalSection(NestedProjects) = preSolution
		{9151DA64-9B4E-4E02-A445-FAF9DF18D96B} = {19FC1638-37E5-4789-94CA-DD516A57F239}
		{C47AD62B-B26B-4ED7-9758-8E0BB2E52C74} = {644BD97E-4687-4671-AE69-CED7F4B2C384}
		{A8812AAD-6120-4DB8-8F16-DF111DE76AF8} = {085C98E8-0BAF-4585-898B-137A36064519}
		{06A079F5-23FE-4796-9244-35CABB5CE042} = {19FC1638-37E5-4789-94CA-DD516A57F239}
	EndGlobalSection
	GlobalSection(ExtensibilityGlobals) = postSolution
		SolutionGuid = {48AD9637-DE21-4CC8-8F8B-A36A9ACA9487}
	EndGlobalSection
EndGlobal
